
Microsoft Visual Studio Solution File, Format Version 12.00
# Visual Studio Version 16
VisualStudioVersion = 16.0.30523.141
MinimumVisualStudioVersion = 10.0.40219.1
Project("{FAE04EC0-301F-11D3-BF4B-00C04F79EFBC}") = "Backend", "Backend\Backend.csproj", "{A82E2FA9-4DF8-483C-87F3-34924A6D6696}"
EndProject
Global
	GlobalSection(SolutionConfigurationPlatforms) = preSolution
		Debug|Any CPU = Debug|Any CPU
		Release|Any CPU = Release|Any CPU
	EndGlobalSection
	GlobalSection(ProjectConfigurationPlatforms) = postSolution
		{A82E2FA9-4DF8-483C-87F3-34924A6D6696}.Debug|Any CPU.ActiveCfg = Debug|Any CPU
		{A82E2FA9-4DF8-483C-87F3-34924A6D6696}.Debug|Any CPU.Build.0 = Debug|Any CPU
		{A82E2FA9-4DF8-483C-87F3-34924A6D6696}.Release|Any CPU.ActiveCfg = Release|Any CPU
		{A82E2FA9-4DF8-483C-87F3-34924A6D6696}.Release|Any CPU.Build.0 = Release|Any CPU
	EndGlobalSection
	GlobalSection(SolutionProperties) = preSolution
		HideSolutionNode = FALSE
	EndGlobalSection
	GlobalSection(ExtensibilityGlobals) = postSolution
		SolutionGuid = {2B3108CB-50EC-45D4-A0AC-82062D52BC17}
	EndGlobalSection
EndGlobal
